Microsoft Visual Studio Solution File, Format Version 12.00
# Visual Studio Version 17
VisualStudioVersion = 17.5.2.0
MinimumVisualStudioVersion = 10.0.40219.1
Project("{FAE04EC0-301F-11D3-BF4B-00C04F79EFBC}") = "git", "git.csproj", "{27FE50E0-6370-6064-A50D-035E2E8E991F}"
EndProject
Global
	GlobalSection(SolutionConfigurationPlatforms) = preSolution
		Debug|Any CPU = Debug|Any CPU
		Release|Any CPU = Release|Any CPU
	EndGlobalSection
	GlobalSection(ProjectConfigurationPlatforms) = postSolution
		{27FE50E0-6370-6064-A50D-035E2E8E991F}.Debug|Any CPU.ActiveCfg = Debug|Any CPU
		{27FE50E0-6370-6064-A50D-035E2E8E991F}.Debug|Any CPU.Build.0 = Debug|Any CPU
		{27FE50E0-6370-6064-A50D-035E2E8E991F}.Release|Any CPU.ActiveCfg = Release|Any CPU
		{27FE50E0-6370-6064-A50D-035E2E8E991F}.Release|Any CPU.Build.0 = Release|Any CPU
	EndGlobalSection
	GlobalSection(SolutionProperties) = preSolution
		HideSolutionNode = FALSE
	EndGlobalSection
	GlobalSection(ExtensibilityGlobals) = postSolution
		SolutionGuid = {BA43D1E0-2C36-4584-9495-44A4254E67C5}
	EndGlobalSection
EndGlobal
